
Microsoft Visual Studio Solution File, Format Version 12.00
# Visual Studio 15
VisualStudioVersion = 15.0.26430.6
MinimumVisualStudioVersion = 10.0.40219.1
Project("{FAE04EC0-301F-11D3-BF4B-00C04F79EFBC}") = "LandmarkDevs.UI.Material", "Src\LandmarkDevs.UI.Material\LandmarkDevs.UI.Material.csproj", "{E0734515-73D1-41EE-92B2-5A3A577E5B27}"
EndProject
Project("{FAE04EC0-301F-11D3-BF4B-00C04F79EFBC}") = "LandmarkDevs.UI.WPF.Syncfusion", "Src\LandmarkDevs.UI.WPF.Syncfusion\LandmarkDevs.UI.WPF.Syncfusion.csproj", "{150B6455-2778-453F-B832-C81265E85769}"
EndProject
Project("{2150E333-8FDC-42A3-9474-1A3956D46DE8}") = "Solution Items", "Solution Items", "{0C0B5713-38FB-4A1B-8992-56042518C423}"
	ProjectSection(SolutionItems) = preProject
		README.MD = README.MD
	EndProjectSection
EndProject
Global
	GlobalSection(SolutionConfigurationPlatforms) = preSolution
		Debug|Any CPU = Debug|Any CPU
		Release|Any CPU = Release|Any CPU
	EndGlobalSection
	GlobalSection(ProjectConfigurationPlatforms) = postSolution
		{E0734515-73D1-41EE-92B2-5A3A577E5B27}.Debug|Any CPU.ActiveCfg = Debug|Any CPU
		{E0734515-73D1-41EE-92B2-5A3A577E5B27}.Debug|Any CPU.Build.0 = Debug|Any CPU
		{E0734515-73D1-41EE-92B2-5A3A577E5B27}.Release|Any CPU.ActiveCfg = Release|Any CPU
		{E0734515-73D1-41EE-92B2-5A3A577E5B27}.Release|Any CPU.Build.0 = Release|Any CPU
		{150B6455-2778-453F-B832-C81265E85769}.Debug|Any CPU.ActiveCfg = Debug|Any CPU
		{150B6455-2778-453F-B832-C81265E85769}.Debug|Any CPU.Build.0 = Debug|Any CPU
		{150B6455-2778-453F-B832-C81265E85769}.Release|Any CPU.ActiveCfg = Release|Any CPU
		{150B6455-2778-453F-B832-C81265E85769}.Release|Any CPU.Build.0 = Release|Any CPU
	EndGlobalSection
	GlobalSection(SolutionProperties) = preSolution
		HideSolutionNode = FALSE
	EndGlobalSection
EndGlobal
